
Microsoft Visual Studio Solution File, Format Version 12.00
# Visual Studio Version 17
VisualStudioVersion = 17.2.32630.192
MinimumVisualStudioVersion = 10.0.40219.1
Project("{9A19103F-16F7-4668-BE54-9A1E7A4F7556}") = "WebApi", "WebApi\WebApi.csproj", "{FF7F3274-E034-41D9-B676-D766D9C31327}"
EndProject
Project("{9A19103F-16F7-4668-BE54-9A1E7A4F7556}") = "ConsoleApp", "ConsoleApp\ConsoleApp.csproj", "{329B9A56-DAAE-4836-B486-412122B7C5C5}"
EndProject
Project("{9A19103F-16F7-4668-BE54-9A1E7A4F7556}") = "BusinessLib", "BusinessLib\BusinessLib.csproj", "{77453970-223A-46C1-9C9D-254AEDF196C2}"
EndProject
Project("{FAE04EC0-301F-11D3-BF4B-00C04F79EFBC}") = "Tests", "Tests\Tests.csproj", "{90611914-2B9A-4D30-85B9-3A2CA3C6406B}"
EndProject
Global
	GlobalSection(SolutionConfigurationPlatforms) = preSolution
		Debug|Any CPU = Debug|Any CPU
		Release|Any CPU = Release|Any CPU
	EndGlobalSection
	GlobalSection(ProjectConfigurationPlatforms) = postSolution
		{FF7F3274-E034-41D9-B676-D766D9C31327}.Debug|Any CPU.ActiveCfg = Debug|Any CPU
		{FF7F3274-E034-41D9-B676-D766D9C31327}.Debug|Any CPU.Build.0 = Debug|Any CPU
		{FF7F3274-E034-41D9-B676-D766D9C31327}.Release|Any CPU.ActiveCfg = Release|Any CPU
		{FF7F3274-E034-41D9-B676-D766D9C31327}.Release|Any CPU.Build.0 = Release|Any CPU
		{329B9A56-DAAE-4836-B486-412122B7C5C5}.Debug|Any CPU.ActiveCfg = Debug|Any CPU
		{329B9A56-DAAE-4836-B486-412122B7C5C5}.Debug|Any CPU.Build.0 = Debug|Any CPU
		{329B9A56-DAAE-4836-B486-412122B7C5C5}.Release|Any CPU.ActiveCfg = Release|Any CPU
		{329B9A56-DAAE-4836-B486-412122B7C5C5}.Release|Any CPU.Build.0 = Release|Any CPU
		{77453970-223A-46C1-9C9D-254AEDF196C2}.Debug|Any CPU.ActiveCfg = Debug|Any CPU
		{77453970-223A-46C1-9C9D-254AEDF196C2}.Debug|Any CPU.Build.0 = Debug|Any CPU
		{77453970-223A-46C1-9C9D-254AEDF196C2}.Release|Any CPU.ActiveCfg = Release|Any CPU
		{77453970-223A-46C1-9C9D-254AEDF196C2}.Release|Any CPU.Build.0 = Release|Any CPU
		{90611914-2B9A-4D30-85B9-3A2CA3C6406B}.Debug|Any CPU.ActiveCfg = Debug|Any CPU
		{90611914-2B9A-4D30-85B9-3A2CA3C6406B}.Debug|Any CPU.Build.0 = Debug|Any CPU
		{90611914-2B9A-4D30-85B9-3A2CA3C6406B}.Release|Any CPU.ActiveCfg = Release|Any CPU
		{90611914-2B9A-4D30-85B9-3A2CA3C6406B}.Release|Any CPU.Build.0 = Release|Any CPU
	EndGlobalSection
	GlobalSection(SolutionProperties) = preSolution
		HideSolutionNode = FALSE
	EndGlobalSection
	GlobalSection(ExtensibilityGlobals) = postSolution
		SolutionGuid = {A03D0655-A0A5-4765-BE34-908688F8909E}
	EndGlobalSection
EndGlobal
